
Microsoft Visual Studio Solution File, Format Version 12.00
# Visual Studio Version 17
VisualStudioVersion = 17.10.34928.147
MinimumVisualStudioVersion = 10.0.40219.1
Project("{FAE04EC0-301F-11D3-BF4B-00C04F79EFBC}") = "RKIT", "RKIT.csproj", "{4E289612-112C-47C7-9888-167BFAF7E733}"
EndProject
Global
	GlobalSection(SolutionConfigurationPlatforms) = preSolution
		Debug|Any CPU = Debug|Any CPU
		Release|Any CPU = Release|Any CPU
	EndGlobalSection
	GlobalSection(ProjectConfigurationPlatforms) = postSolution
		{4E289612-112C-47C7-9888-167BFAF7E733}.Debug|Any CPU.ActiveCfg = Debug|Any CPU
		{4E289612-112C-47C7-9888-167BFAF7E733}.Debug|Any CPU.Build.0 = Debug|Any CPU
		{4E289612-112C-47C7-9888-167BFAF7E733}.Release|Any CPU.ActiveCfg = Release|Any CPU
		{4E289612-112C-47C7-9888-167BFAF7E733}.Release|Any CPU.Build.0 = Release|Any CPU
	EndGlobalSection
	GlobalSection(SolutionProperties) = preSolution
		HideSolutionNode = FALSE
	EndGlobalSection
	GlobalSection(ExtensibilityGlobals) = postSolution
		SolutionGuid = {99597E71-92D8-4632-89B7-170CE5E29BAF}
	EndGlobalSection
EndGlobal
